
Microsoft Visual Studio Solution File, Format Version 12.00
# Visual Studio Version 16
VisualStudioVersion = 16.0.30309.148
MinimumVisualStudioVersion = 10.0.40219.1
Project("{FAE04EC0-301F-11D3-BF4B-00C04F79EFBC}") = "BookStore-API", "BookStore-API\BookStore-API.csproj", "{AD7B8FBE-3F6C-48E3-9802-84CC2F2AB722}"
EndProject
Global
	GlobalSection(SolutionConfigurationPlatforms) = preSolution
		Debug|Any CPU = Debug|Any CPU
		Release|Any CPU = Release|Any CPU
	EndGlobalSection
	GlobalSection(ProjectConfigurationPlatforms) = postSolution
		{AD7B8FBE-3F6C-48E3-9802-84CC2F2AB722}.Debug|Any CPU.ActiveCfg = Debug|Any CPU
		{AD7B8FBE-3F6C-48E3-9802-84CC2F2AB722}.Debug|Any CPU.Build.0 = Debug|Any CPU
		{AD7B8FBE-3F6C-48E3-9802-84CC2F2AB722}.Release|Any CPU.ActiveCfg = Release|Any CPU
		{AD7B8FBE-3F6C-48E3-9802-84CC2F2AB722}.Release|Any CPU.Build.0 = Release|Any CPU
	EndGlobalSection
	GlobalSection(SolutionProperties) = preSolution
		HideSolutionNode = FALSE
	EndGlobalSection
	GlobalSection(ExtensibilityGlobals) = postSolution
		SolutionGuid = {E0378778-1205-498D-BF7A-99CD1001EF4D}
	EndGlobalSection
EndGlobal
